
Microsoft Visual Studio Solution File, Format Version 12.00
# Visual Studio Version 17
VisualStudioVersion = 17.0.32014.148
MinimumVisualStudioVersion = 10.0.40219.1
Project("{FAE04EC0-301F-11D3-BF4B-00C04F79EFBC}") = "Lab_2", "Lab_2.csproj", "{103B8C70-B03E-47AF-8B1D-53FAC0A2384C}"
EndProject
Global
	GlobalSection(SolutionConfigurationPlatforms) = preSolution
		Debug|Any CPU = Debug|Any CPU
		Release|Any CPU = Release|Any CPU
	EndGlobalSection
	GlobalSection(ProjectConfigurationPlatforms) = postSolution
		{103B8C70-B03E-47AF-8B1D-53FAC0A2384C}.Debug|Any CPU.ActiveCfg = Debug|Any CPU
		{103B8C70-B03E-47AF-8B1D-53FAC0A2384C}.Debug|Any CPU.Build.0 = Debug|Any CPU
		{103B8C70-B03E-47AF-8B1D-53FAC0A2384C}.Release|Any CPU.ActiveCfg = Release|Any CPU
		{103B8C70-B03E-47AF-8B1D-53FAC0A2384C}.Release|Any CPU.Build.0 = Release|Any CPU
	EndGlobalSection
	GlobalSection(SolutionProperties) = preSolution
		HideSolutionNode = FALSE
	EndGlobalSection
	GlobalSection(ExtensibilityGlobals) = postSolution
		SolutionGuid = {1CAE7A54-C998-4159-A91A-9EFE9C808081}
	EndGlobalSection
EndGlobal
